
Microsoft Visual Studio Solution File, Format Version 12.00
# Visual Studio 15
VisualStudioVersion = 15.0.27428.2037
MinimumVisualStudioVersion = 10.0.40219.1
Project("{FAE04EC0-301F-11D3-BF4B-00C04F79EFBC}") = "E.A.T", "E.A.T.\E.A.T.csproj", "{768A8B60-D1A3-4A4A-953A-326A5364C996}"
EndProject
Global
	GlobalSection(SolutionConfigurationPlatforms) = preSolution
		Debug|Any CPU = Debug|Any CPU
		Release|Any CPU = Release|Any CPU
	EndGlobalSection
	GlobalSection(ProjectConfigurationPlatforms) = postSolution
		{768A8B60-D1A3-4A4A-953A-326A5364C996}.Debug|Any CPU.ActiveCfg = Debug|Any CPU
		{768A8B60-D1A3-4A4A-953A-326A5364C996}.Debug|Any CPU.Build.0 = Debug|Any CPU
		{768A8B60-D1A3-4A4A-953A-326A5364C996}.Release|Any CPU.ActiveCfg = Release|Any CPU
		{768A8B60-D1A3-4A4A-953A-326A5364C996}.Release|Any CPU.Build.0 = Release|Any CPU
	EndGlobalSection
	GlobalSection(SolutionProperties) = preSolution
		HideSolutionNode = FALSE
	EndGlobalSection
	GlobalSection(ExtensibilityGlobals) = postSolution
		SolutionGuid = {8319B2D1-14FE-49B5-A2BD-6F7E940705EC}
	EndGlobalSection
EndGlobal
